
Microsoft Visual Studio Solution File, Format Version 12.00
# Visual Studio Version 17
VisualStudioVersion = 17.1.32328.378
MinimumVisualStudioVersion = 10.0.40219.1
Project("{FAE04EC0-301F-11D3-BF4B-00C04F79EFBC}") = "sitehero", "sitehero\sitehero.csproj", "{61714971-48C4-4955-973C-C13107B7E3DE}"
EndProject
Global
	GlobalSection(SolutionConfigurationPlatforms) = preSolution
		Debug|Any CPU = Debug|Any CPU
		Release|Any CPU = Release|Any CPU
	EndGlobalSection
	GlobalSection(ProjectConfigurationPlatforms) = postSolution
		{61714971-48C4-4955-973C-C13107B7E3DE}.Debug|Any CPU.ActiveCfg = Debug|Any CPU
		{61714971-48C4-4955-973C-C13107B7E3DE}.Debug|Any CPU.Build.0 = Debug|Any CPU
		{61714971-48C4-4955-973C-C13107B7E3DE}.Release|Any CPU.ActiveCfg = Release|Any CPU
		{61714971-48C4-4955-973C-C13107B7E3DE}.Release|Any CPU.Build.0 = Release|Any CPU
	EndGlobalSection
	GlobalSection(SolutionProperties) = preSolution
		HideSolutionNode = FALSE
	EndGlobalSection
	GlobalSection(ExtensibilityGlobals) = postSolution
		SolutionGuid = {84A6DDBF-65EA-4A8C-A560-E06F53BC89DD}
	EndGlobalSection
EndGlobal
